
Microsoft Visual Studio Solution File, Format Version 12.00
# Visual Studio Version 17
VisualStudioVersion = 17.9.34607.119
MinimumVisualStudioVersion = 10.0.40219.1
Project("{FAE04EC0-301F-11D3-BF4B-00C04F79EFBC}") = "RB2MoneyEditor2025", "RB2MoneyEditor2024\RB2MoneyEditor2025.csproj", "{3F508503-B089-488E-A2A9-7228D11F96EA}"
EndProject
Global
	GlobalSection(SolutionConfigurationPlatforms) = preSolution
		Debug|Any CPU = Debug|Any CPU
		Release|Any CPU = Release|Any CPU
	EndGlobalSection
	GlobalSection(ProjectConfigurationPlatforms) = postSolution
		{3F508503-B089-488E-A2A9-7228D11F96EA}.Debug|Any CPU.ActiveCfg = Debug|Any CPU
		{3F508503-B089-488E-A2A9-7228D11F96EA}.Debug|Any CPU.Build.0 = Debug|Any CPU
		{3F508503-B089-488E-A2A9-7228D11F96EA}.Release|Any CPU.ActiveCfg = Release|Any CPU
		{3F508503-B089-488E-A2A9-7228D11F96EA}.Release|Any CPU.Build.0 = Release|Any CPU
	EndGlobalSection
	GlobalSection(SolutionProperties) = preSolution
		HideSolutionNode = FALSE
	EndGlobalSection
	GlobalSection(ExtensibilityGlobals) = postSolution
		SolutionGuid = {5040FB8D-F4FA-41D5-BFA4-16F655A5A3C2}
	EndGlobalSection
EndGlobal
